{
  "nodes": {
    "catppuccin": {
      "inputs": {
        "nixpkgs": [
          "nixpkgs"
        ]
      },
      "locked": {
        "lastModified": 1779446167,
        "narHash": "sha256-95gfnivOKw+zleITz2OptawwTeSs36Y9u+qeU0xdqT8=",
        "owner": "catppuccin",
        "repo": "nix",
        "rev": "229ede9cec873986144e222b2c61c2f239c16125",
        "type": "github"
      },
      "original": {
        "owner": "catppuccin",
        "repo": "nix",
        "type": "github"
      }
    },
    "crane": {
      "locked": {
        "lastModified": 1779041105,
        "narHash": "sha256-nnGD2f8OlAZT2i5OfwikJsw+ifWfiA4d6A8BWlgOXV0=",
        "owner": "ipetkov",
        "repo": "crane",
        "rev": "10e6e3cb966f7cfcc789fe5eee7a85f3188ce08b",
        "type": "github"
      },
      "original": {
        "owner": "ipetkov",
        "repo": "crane",
        "type": "github"
      }
    },
    "darwin": {
      "inputs": {
        "nixpkgs": [
          "nixpkgs"
        ]
      },
      "locked": {
        "lastModified": 1779036909,
        "narHash": "sha256-zXcwYQGCT6pzinK+1dBB2ekTVtfxGZAapb3Evdcu4fY=",
        "owner": "nix-darwin",
        "repo": "nix-darwin",
        "rev": "56c666e108467d87d13508936aade6d567f2a501",
        "type": "github"
      },
      "original": {
        "owner": "nix-darwin",
        "repo": "nix-darwin",
        "type": "github"
      }
    },
    "extersia": {
      "inputs": {
        "nixpkgs": [
          "nixpkgs"
        ]
      },
      "locked": {
        "lastModified": 1779587950,
        "narHash": "sha256-h+/kiv+UAESCagqnHqqpimf3E1LnbFZfQ0neDDkP+TU=",
        "owner": "extersia-org",
        "repo": "pkgs",
        "rev": "311cb0d086a61d6bbb8526d625a8684d466934ff",
        "type": "github"
      },
      "original": {
        "owner": "extersia-org",
        "repo": "pkgs",
        "type": "github"
      }
    },
    "flake-compat": {
      "flake": false,
      "locked": {
        "lastModified": 1767039857,
        "narHash": "sha256-vNpUSpF5Nuw8xvDLj2KCwwksIbjua2LZCqhV1LNRDns=",
        "owner": "NixOS",
        "repo": "flake-compat",
        "rev": "5edf11c44bc78a0d334f6334cdaf7d60d732daab",
        "type": "github"
      },
      "original": {
        "owner": "NixOS",
        "repo": "flake-compat",
        "type": "github"
      }
    },
    "gift-wrap": {
      "inputs": {
        "nixpkgs": [
          "izvim",
          "nixpkgs"
        ]
      },
      "locked": {
        "lastModified": 1773403464,
        "narHash": "sha256-fckT48WShz/HqRgHgBKbVZCreC+Apfu3UqPZxFuL7Us=",
        "owner": "tgirlcloud",
        "repo": "gift-wrap",
        "rev": "9499bc6e450d9959e2019f7122efd3b9077f333a",
        "type": "github"
      },
      "original": {
        "owner": "tgirlcloud",
        "repo": "gift-wrap",
        "type": "github"
      }
    },
    "gitignore": {
      "inputs": {
        "nixpkgs": [
          "lanzaboote",
          "pre-commit",
          "nixpkgs"
        ]
      },
      "locked": {
        "lastModified": 1709087332,
        "narHash": "sha256-HG2cCnktfHsKV0s4XW83gU3F57gaTljL9KNSuG6bnQs=",
        "owner": "hercules-ci",
        "repo": "gitignore.nix",
        "rev": "637db329424fd7e46cf4185293b9cc8c88c95394",
        "type": "github"
      },
      "original": {
        "owner": "hercules-ci",
        "repo": "gitignore.nix",
        "type": "github"
      }
    },
    "home-manager": {
      "inputs": {
        "nixpkgs": [
          "nixpkgs"
        ]
      },
      "locked": {
        "lastModified": 1779592288,
        "narHash": "sha256-pVZwRFVFdHS3D3G07MiZQcSPENnv1xlYCJtfabkqd3Q=",
        "owner": "nix-community",
        "repo": "home-manager",
        "rev": "23703a32ef3d7803a2f1bb9909a3f46fc5185e37",
        "type": "github"
      },
      "original": {
        "owner": "nix-community",
        "repo": "home-manager",
        "type": "github"
      }
    },
    "homebrew": {
      "inputs": {
        "brew-src": []
      },
      "locked": {
        "lastModified": 1778851564,
        "narHash": "sha256-p8wzcnpB2Iys+QzAKM9/Eyw/pUyqCO3sw/NCnDH4dTE=",
        "owner": "zhaofengli",
        "repo": "nix-homebrew",
        "rev": "b3a87b4793205cc111f3c61e25e018ffac3b8039",
        "type": "github"
      },
      "original": {
        "owner": "zhaofengli",
        "repo": "nix-homebrew",
        "type": "github"
      }
    },
    "izlix": {
      "inputs": {
        "nixpkgs": [
          "nixpkgs"
        ]
      },
      "locked": {
        "lastModified": 1779590509,
        "narHash": "sha256-/xiGVx0NnQ9ZWjcvoVKPgEF7ghbAW8FfYCHwKd2wuoQ=",
        "owner": "isabelroses",
        "repo": "izlix",
        "rev": "68f7b1860fd380922f55a3b5b3025195122013ca",
        "type": "github"
      },
      "original": {
        "owner": "isabelroses",
        "repo": "izlix",
        "type": "github"
      }
    },
    "izvim": {
      "inputs": {
        "gift-wrap": "gift-wrap",
        "nixpkgs": [
          "nixpkgs"
        ]
      },
      "locked": {
        "lastModified": 1779257144,
        "narHash": "sha256-dYShOcCHUFt+rlo6r8GZRyc89eMJNixclHVNc/dxJ58=",
        "owner": "isabelroses",
        "repo": "nvim",
        "rev": "ae5a5ae7ff4a701492ad0663045d962be4580234",
        "type": "github"
      },
      "original": {
        "owner": "isabelroses",
        "repo": "nvim",
        "type": "github"
      }
    },
    "lanzaboote": {
      "inputs": {
        "crane": "crane",
        "nixpkgs": [
          "nixpkgs"
        ],
        "pre-commit": "pre-commit",
        "rust-overlay": "rust-overlay"
      },
      "locked": {
        "lastModified": 1779135966,
        "narHash": "sha256-FHKdAxS5TJ0mdNS/9YuIam7NGtzEXVggLEWQ00Q31yc=",
        "owner": "nix-community",
        "repo": "lanzaboote",
        "rev": "b7e492b90bcae5e9d9cb0a1d4d1e6100305de2c5",
        "type": "github"
      },
      "original": {
        "owner": "nix-community",
        "repo": "lanzaboote",
        "type": "github"
      }
    },
    "nixpkgs": {
      "locked": {
        "lastModified": 1779536132,
        "narHash": "sha256-Zc5W2GRfLZtIDsEn0A5kzoN0+yNWq/3MzzoXGu0ytMU=",
        "rev": "3d8f0f3f72a6cd4d93d0ad13203f2ea1cb7e1456",
        "type": "tarball",
        "url": "https://releases.nixos.org/nixpkgs/nixpkgs-26.05pre1003764.3d8f0f3f72a6/nixexprs.tar.xz?lastModified=1779536132&rev=3d8f0f3f72a6cd4d93d0ad13203f2ea1cb7e1456"
      },
      "original": {
        "type": "tarball",
        "url": "https://channels.nixos.org/nixpkgs-unstable/nixexprs.tar.xz"
      }
    },
    "pre-commit": {
      "inputs": {
        "flake-compat": "flake-compat",
        "gitignore": "gitignore",
        "nixpkgs": [
          "lanzaboote",
          "nixpkgs"
        ]
      },
      "locked": {
        "lastModified": 1778507602,
        "narHash": "sha256-kTwur1wV+01SdqskVMSo6JMEpg71ps3HpbFY2GsflKs=",
        "owner": "cachix",
        "repo": "pre-commit-hooks.nix",
        "rev": "61ab0e80d9c7ab14c256b5b453d8b3fb0189ba0a",
        "type": "github"
      },
      "original": {
        "owner": "cachix",
        "repo": "pre-commit-hooks.nix",
        "type": "github"
      }
    },
    "root": {
      "inputs": {
        "catppuccin": "catppuccin",
        "darwin": "darwin",
        "extersia": "extersia",
        "home-manager": "home-manager",
        "homebrew": "homebrew",
        "izlix": "izlix",
        "izvim": "izvim",
        "lanzaboote": "lanzaboote",
        "nixpkgs": "nixpkgs",
        "simple-nixos-mailserver": "simple-nixos-mailserver",
        "sops": "sops",
        "spicetify": "spicetify",
        "tranquil": "tranquil"
      }
    },
    "rust-overlay": {
      "inputs": {
        "nixpkgs": [
          "lanzaboote",
          "nixpkgs"
        ]
      },
      "locked": {
        "lastModified": 1779074409,
        "narHash": "sha256-6aXy8Ga41iLVM8ibddFU1O5+wYWcBGNEfZzZuL91eIc=",
        "owner": "oxalica",
        "repo": "rust-overlay",
        "rev": "2a77b5b1dc952f214e8102acdef1622b68515560",
        "type": "github"
      },
      "original": {
        "owner": "oxalica",
        "repo": "rust-overlay",
        "type": "github"
      }
    },
    "simple-nixos-mailserver": {
      "inputs": {
        "blobs": [],
        "flake-compat": [],
        "git-hooks": [],
        "nixpkgs": [
          "nixpkgs"
        ]
      },
      "locked": {
        "lastModified": 1779592058,
        "narHash": "sha256-HmSXe9IdT8hPc9pSRRuc0462if3mIEnrvrIP5VqiN3g=",
        "owner": "simple-nixos-mailserver",
        "repo": "nixos-mailserver",
        "rev": "e5ae7b5b962bfbbea5966701fe4384ecb51e07de",
        "type": "gitlab"
      },
      "original": {
        "owner": "simple-nixos-mailserver",
        "repo": "nixos-mailserver",
        "type": "gitlab"
      }
    },
    "sops": {
      "inputs": {
        "nixpkgs": [
          "nixpkgs"
        ]
      },
      "locked": {
        "lastModified": 1777944972,
        "narHash": "sha256-VfGRo1qTBKOe3s2gOv8LSoA6Fk19PvBlwQ1ECN0Evn8=",
        "owner": "Mic92",
        "repo": "sops-nix",
        "rev": "c591bf665727040c6cc5cb409079acb22dcce33c",
        "type": "github"
      },
      "original": {
        "owner": "Mic92",
        "repo": "sops-nix",
        "type": "github"
      }
    },
    "spicetify": {
      "inputs": {
        "nixpkgs": [
          "nixpkgs"
        ],
        "systems": "systems"
      },
      "locked": {
        "lastModified": 1779567740,
        "narHash": "sha256-nmNLrkM0uO3gqwNgg8l4XxLnEE9S37jWD5Qv60dgyEE=",
        "owner": "Gerg-L",
        "repo": "spicetify-nix",
        "rev": "bcfc51ca18c0a65774dc4639ea971ed5cca57c48",
        "type": "github"
      },
      "original": {
        "owner": "Gerg-L",
        "repo": "spicetify-nix",
        "type": "github"
      }
    },
    "systems": {
      "locked": {
        "lastModified": 1681028828,
        "narHash": "sha256-Vy1rq5AaRuLzOxct8nz4T6wlgyUR7zLU309k9mBC768=",
        "owner": "nix-systems",
        "repo": "default",
        "rev": "da67096a3b9bf56a91d16901293e51ba5b49a27e",
        "type": "github"
      },
      "original": {
        "owner": "nix-systems",
        "repo": "default",
        "type": "github"
      }
    },
    "tranquil": {
      "inputs": {
        "nixpkgs": [
          "nixpkgs"
        ]
      },
      "locked": {
        "lastModified": 1779566563,
        "narHash": "sha256-iDRCDf9omPGVAmJycqkNXbXh8dqYgNS0MC3gCS55cm4=",
        "ref": "refs/heads/main",
        "rev": "4d2c7d47236b539f74b3225c989ebaa2c7609136",
        "revCount": 371,
        "type": "git",
        "url": "https://tangled.org/tranquil.farm/tranquil-pds"
      },
      "original": {
        "type": "git",
        "url": "https://tangled.org/tranquil.farm/tranquil-pds"
      }
    }
  },
  "root": "root",
  "version": 7
}
