{
  "nodes": {
    "agenix": {
      "inputs": {
        "darwin": "darwin",
        "home-manager": [
          "home-manager"
        ],
        "nixpkgs": [
          "nixpkgs"
        ],
        "systems": "systems"
      },
      "locked": {
        "lastModified": 1716561646,
        "narHash": "sha256-UIGtLO89RxKt7RF2iEgPikSdU53r6v/6WYB0RW3k89I=",
        "owner": "ryantm",
        "repo": "agenix",
        "rev": "c2fc0762bbe8feb06a2e59a364fa81b3a57671c9",
        "type": "github"
      },
      "original": {
        "owner": "ryantm",
        "repo": "agenix",
        "type": "github"
      }
    },
    "ags": {
      "inputs": {
        "nixpkgs": [
          "nixpkgs"
        ]
      },
      "locked": {
        "lastModified": 1715703984,
        "narHash": "sha256-0BZkMui6aCqswMCouvp0G90tAxDOxVnxTvG6TDZsDaI=",
        "owner": "Aylur",
        "repo": "ags",
        "rev": "11150225e62462bcd431d1e55185e810190a730a",
        "type": "github"
      },
      "original": {
        "owner": "Aylur",
        "repo": "ags",
        "type": "github"
      }
    },
    "auto-cpufreq": {
      "inputs": {
        "nixpkgs": [
          "nixpkgs"
        ]
      },
      "locked": {
        "lastModified": 1716649794,
        "narHash": "sha256-DlAa+AJ8SxzeoXnV+iJVBvKqleituYbK6FHNgPoMb90=",
        "owner": "AdnanHodzic",
        "repo": "auto-cpufreq",
        "rev": "3f6d7a3e77732c1dbe4873b69404fefd899ad35e",
        "type": "github"
      },
      "original": {
        "owner": "AdnanHodzic",
        "repo": "auto-cpufreq",
        "type": "github"
      }
    },
    "beapkgs": {
      "inputs": {
        "flake-compat": [],
        "nixpkgs": [
          "nixpkgs"
        ]
      },
      "locked": {
        "lastModified": 1716856330,
        "narHash": "sha256-khQvoqMYJSZ7dTGTuhYo3j3UTttIG7BNtARhnnXeEc4=",
        "owner": "isabelroses",
        "repo": "beapkgs",
        "rev": "a47ab7af55a7efbc0627b2deecbdc755c02102e6",
        "type": "github"
      },
      "original": {
        "owner": "isabelroses",
        "repo": "beapkgs",
        "type": "github"
      }
    },
    "blobs": {
      "flake": false,
      "locked": {
        "lastModified": 1604995301,
        "narHash": "sha256-wcLzgLec6SGJA8fx1OEN1yV/Py5b+U5iyYpksUY/yLw=",
        "owner": "simple-nixos-mailserver",
        "repo": "blobs",
        "rev": "2cccdf1ca48316f2cfd1c9a0017e8de5a7156265",
        "type": "gitlab"
      },
      "original": {
        "owner": "simple-nixos-mailserver",
        "repo": "blobs",
        "type": "gitlab"
      }
    },
    "catppuccin": {
      "locked": {
        "lastModified": 1716934277,
        "narHash": "sha256-BTRLOEcZnj2jLttdOq3AfKSvsFZNVKkrTpdpINDGW4k=",
        "owner": "catppuccin",
        "repo": "nix",
        "rev": "96681f62faa285ad0c8dce2cdae6b0a1d0a8f094",
        "type": "github"
      },
      "original": {
        "owner": "catppuccin",
        "repo": "nix",
        "type": "github"
      }
    },
    "catppuccin-vsc": {
      "inputs": {
        "nixpkgs": [
          "nixpkgs"
        ]
      },
      "locked": {
        "lastModified": 1716179347,
        "narHash": "sha256-DPiP4yLRcPgWgrnCC/tRp5vUk9teZIfsCT2r8jr1V8A=",
        "owner": "catppuccin",
        "repo": "vscode",
        "rev": "b7a8806f7532a091b0170f281dbc7f35c3fc7761",
        "type": "github"
      },
      "original": {
        "owner": "catppuccin",
        "repo": "vscode",
        "type": "github"
      }
    },
    "crane": {
      "inputs": {
        "nixpkgs": [
          "lanzaboote",
          "nixpkgs"
        ]
      },
      "locked": {
        "lastModified": 1711299236,
        "narHash": "sha256-6/JsyozOMKN8LUGqWMopKTSiK8N79T8Q+hcxu2KkTXg=",
        "owner": "ipetkov",
        "repo": "crane",
        "rev": "880573f80d09e18a11713f402b9e6172a085449f",
        "type": "github"
      },
      "original": {
        "owner": "ipetkov",
        "repo": "crane",
        "type": "github"
      }
    },
    "crane_2": {
      "inputs": {
        "nixpkgs": [
          "schizofox",
          "searx-randomizer",
          "nixpkgs"
        ]
      },
      "locked": {
        "lastModified": 1701386725,
        "narHash": "sha256-w4aBlMYh9Y8co1V80m5LzEKMijUJ7CBTq209WbqVwUU=",
        "owner": "ipetkov",
        "repo": "crane",
        "rev": "8b9bad9b30bd7a9ed08782e64846b7485f9d0a38",
        "type": "github"
      },
      "original": {
        "owner": "ipetkov",
        "repo": "crane",
        "type": "github"
      }
    },
    "darwin": {
      "inputs": {
        "nixpkgs": [
          "agenix",
          "nixpkgs"
        ]
      },
      "locked": {
        "lastModified": 1700795494,
        "narHash": "sha256-gzGLZSiOhf155FW7262kdHo2YDeugp3VuIFb4/GGng0=",
        "owner": "lnl7",
        "repo": "nix-darwin",
        "rev": "4b9b83d5a92e8c1fbfd8eb27eda375908c11ec4d",
        "type": "github"
      },
      "original": {
        "owner": "lnl7",
        "ref": "master",
        "repo": "nix-darwin",
        "type": "github"
      }
    },
    "darwin_2": {
      "inputs": {
        "nixpkgs": [
          "nixpkgs"
        ]
      },
      "locked": {
        "lastModified": 1716511055,
        "narHash": "sha256-5Fe/DGgvMhPEMl9VdVxv3zvwRcwNDmW5eRJ0gk72w7U=",
        "owner": "lnl7",
        "repo": "nix-darwin",
        "rev": "0bea8222f6e83247dd13b055d83e64bce02ee532",
        "type": "github"
      },
      "original": {
        "owner": "lnl7",
        "repo": "nix-darwin",
        "type": "github"
      }
    },
    "deploy-rs": {
      "inputs": {
        "flake-compat": [
          "izvim",
          "flake-compat"
        ],
        "nixpkgs": [
          "nixpkgs"
        ],
        "utils": [
          "izvim",
          "flake-utils"
        ]
      },
      "locked": {
        "lastModified": 1715699772,
        "narHash": "sha256-sKhqIgucN5sI/7UQgBwsonzR4fONjfMr9OcHK/vPits=",
        "owner": "serokell",
        "repo": "deploy-rs",
        "rev": "b3ea6f333f9057b77efd9091119ba67089399ced",
        "type": "github"
      },
      "original": {
        "owner": "serokell",
        "repo": "deploy-rs",
        "type": "github"
      }
    },
    "fenix": {
      "inputs": {
        "nixpkgs": [
          "nekowinston-nur",
          "nixpkgs"
        ],
        "rust-analyzer-src": [
          "nekowinston-nur"
        ]
      },
      "locked": {
        "lastModified": 1716704729,
        "narHash": "sha256-Yk0L1JdBTdC9ZtDreqcMMolOtTp0XnPjrACT8oTw2Wg=",
        "owner": "nix-community",
        "repo": "fenix",
        "rev": "aaa27b4cf3729b6562cd4dd65ba24eeda3731002",
        "type": "github"
      },
      "original": {
        "owner": "nix-community",
        "repo": "fenix",
        "type": "github"
      }
    },
    "flake-compat": {
      "flake": false,
      "locked": {
        "lastModified": 1696426674,
        "narHash": "sha256-kvjfFW7WAETZlt09AgDn1MrtKzP7t90Vf7vypd3OL1U=",
        "owner": "edolstra",
        "repo": "flake-compat",
        "rev": "0f9255e01c2351cc7d116c072cb317785dd33b33",
        "type": "github"
      },
      "original": {
        "owner": "edolstra",
        "repo": "flake-compat",
        "type": "github"
      }
    },
    "flake-compat_2": {
      "flake": false,
      "locked": {
        "lastModified": 1696426674,
        "narHash": "sha256-kvjfFW7WAETZlt09AgDn1MrtKzP7t90Vf7vypd3OL1U=",
        "owner": "edolstra",
        "repo": "flake-compat",
        "rev": "0f9255e01c2351cc7d116c072cb317785dd33b33",
        "type": "github"
      },
      "original": {
        "owner": "edolstra",
        "repo": "flake-compat",
        "type": "github"
      }
    },
    "flake-compat_3": {
      "flake": false,
      "locked": {
        "lastModified": 1696426674,
        "narHash": "sha256-kvjfFW7WAETZlt09AgDn1MrtKzP7t90Vf7vypd3OL1U=",
        "owner": "edolstra",
        "repo": "flake-compat",
        "rev": "0f9255e01c2351cc7d116c072cb317785dd33b33",
        "type": "github"
      },
      "original": {
        "owner": "edolstra",
        "repo": "flake-compat",
        "type": "github"
      }
    },
    "flake-compat_4": {
      "flake": false,
      "locked": {
        "lastModified": 1696426674,
        "narHash": "sha256-kvjfFW7WAETZlt09AgDn1MrtKzP7t90Vf7vypd3OL1U=",
        "owner": "edolstra",
        "repo": "flake-compat",
        "rev": "0f9255e01c2351cc7d116c072cb317785dd33b33",
        "type": "github"
      },
      "original": {
        "owner": "edolstra",
        "repo": "flake-compat",
        "type": "github"
      }
    },
    "flake-parts": {
      "inputs": {
        "nixpkgs-lib": [
          "nixpkgs"
        ]
      },
      "locked": {
        "lastModified": 1715865404,
        "narHash": "sha256-/GJvTdTpuDjNn84j82cU6bXztE0MSkdnTWClUCRub78=",
        "owner": "hercules-ci",
        "repo": "flake-parts",
        "rev": "8dc45382d5206bd292f9c2768b8058a8fd8311d9",
        "type": "github"
      },
      "original": {
        "owner": "hercules-ci",
        "repo": "flake-parts",
        "type": "github"
      }
    },
    "flake-parts_2": {
      "inputs": {
        "nixpkgs-lib": "nixpkgs-lib"
      },
      "locked": {
        "lastModified": 1698882062,
        "narHash": "sha256-HkhafUayIqxXyHH1X8d9RDl1M2CkFgZLjKD3MzabiEo=",
        "owner": "hercules-ci",
        "repo": "flake-parts",
        "rev": "8c9fa2545007b49a5db5f650ae91f227672c3877",
        "type": "github"
      },
      "original": {
        "owner": "hercules-ci",
        "repo": "flake-parts",
        "type": "github"
      }
    },
    "flake-utils": {
      "inputs": {
        "systems": "systems_2"
      },
      "locked": {
        "lastModified": 1710146030,
        "narHash": "sha256-SZ5L6eA7HJ/nmkzGG7/ISclqe6oZdOZTNoesiInkXPQ=",
        "owner": "numtide",
        "repo": "flake-utils",
        "rev": "b1d9ab70662946ef0850d488da1c9019f3a9752a",
        "type": "github"
      },
      "original": {
        "owner": "numtide",
        "repo": "flake-utils",
        "type": "github"
      }
    },
    "flake-utils_2": {
      "inputs": {
        "systems": "systems_3"
      },
      "locked": {
        "lastModified": 1705309234,
        "narHash": "sha256-uNRRNRKmJyCRC/8y1RqBkqWBLM034y4qN7EprSdmgyA=",
        "owner": "numtide",
        "repo": "flake-utils",
        "rev": "1ef2e671c3b0c19053962c07dbda38332dcebf26",
        "type": "github"
      },
      "original": {
        "owner": "numtide",
        "repo": "flake-utils",
        "type": "github"
      }
    },
    "gitignore": {
      "inputs": {
        "nixpkgs": [
          "pre-commit-hooks",
          "nixpkgs"
        ]
      },
      "locked": {
        "lastModified": 1709087332,
        "narHash": "sha256-HG2cCnktfHsKV0s4XW83gU3F57gaTljL9KNSuG6bnQs=",
        "owner": "hercules-ci",
        "repo": "gitignore.nix",
        "rev": "637db329424fd7e46cf4185293b9cc8c88c95394",
        "type": "github"
      },
      "original": {
        "owner": "hercules-ci",
        "repo": "gitignore.nix",
        "type": "github"
      }
    },
    "hercules-ci-effects": {
      "inputs": {
        "flake-parts": [
          "schizofox",
          "nixpak",
          "flake-parts"
        ],
        "nixpkgs": [
          "schizofox",
          "nixpak",
          "nixpkgs"
        ]
      },
      "locked": {
        "lastModified": 1704029560,
        "narHash": "sha256-a4Iu7x1OP+uSYpqadOu8VCPY+MPF3+f6KIi+MAxlgyw=",
        "owner": "hercules-ci",
        "repo": "hercules-ci-effects",
        "rev": "d5cbf433a6ae9cae05400189a8dbc6412a03ba16",
        "type": "github"
      },
      "original": {
        "owner": "hercules-ci",
        "repo": "hercules-ci-effects",
        "type": "github"
      }
    },
    "home-manager": {
      "inputs": {
        "nixpkgs": [
          "nixpkgs"
        ]
      },
      "locked": {
        "lastModified": 1716930911,
        "narHash": "sha256-t4HT5j3Jy7skRB5PINnxcEBCkgE89rGBpwTI7YS4Ffo=",
        "owner": "nix-community",
        "repo": "home-manager",
        "rev": "a9b36cbe9292a649222b89fdb9ae9907e9c74086",
        "type": "github"
      },
      "original": {
        "owner": "nix-community",
        "repo": "home-manager",
        "type": "github"
      }
    },
    "home-manager_2": {
      "inputs": {
        "nixpkgs": [
          "schizofox",
          "nixpkgs"
        ]
      },
      "locked": {
        "lastModified": 1712759992,
        "narHash": "sha256-2APpO3ZW4idlgtlb8hB04u/rmIcKA8O7pYqxF66xbNY=",
        "owner": "nix-community",
        "repo": "home-manager",
        "rev": "31357486b0ef6f4e161e002b6893eeb4fafc3ca9",
        "type": "github"
      },
      "original": {
        "owner": "nix-community",
        "repo": "home-manager",
        "type": "github"
      }
    },
    "izvim": {
      "inputs": {
        "flake-compat": "flake-compat",
        "flake-parts": [
          "flake-parts"
        ],
        "flake-utils": "flake-utils",
        "nekowinston-nur": [
          "nekowinston-nur"
        ],
        "neovim-nix": "neovim-nix",
        "nixpkgs": [
          "nixpkgs"
        ],
        "pre-commit-nix": [
          "pre-commit-hooks"
        ]
      },
      "locked": {
        "lastModified": 1716840082,
        "narHash": "sha256-bylY7LZhYAxFFMd69Lc0vpSNid12AP7k1zpfW3G9hYE=",
        "owner": "isabelroses",
        "repo": "nvim",
        "rev": "a80fe3da4ae1fdf0488f795e5934db4f696de918",
        "type": "github"
      },
      "original": {
        "owner": "isabelroses",
        "repo": "nvim",
        "type": "github"
      }
    },
    "lanzaboote": {
      "inputs": {
        "crane": "crane",
        "flake-compat": [],
        "flake-parts": [
          "flake-parts"
        ],
        "flake-utils": [
          "izvim",
          "flake-utils"
        ],
        "nixpkgs": [
          "nixpkgs"
        ],
        "pre-commit-hooks-nix": [],
        "rust-overlay": "rust-overlay"
      },
      "locked": {
        "lastModified": 1716805126,
        "narHash": "sha256-yqJWx74e16Gk4pwW5DWfI4orTKeWezKFNbW7eaojpLw=",
        "owner": "nix-community",
        "repo": "lanzaboote",
        "rev": "2eb19b872bc0a5f336b9b934ba96ea029e4da8c2",
        "type": "github"
      },
      "original": {
        "owner": "nix-community",
        "repo": "lanzaboote",
        "type": "github"
      }
    },
    "lazy-nvim": {
      "flake": false,
      "locked": {
        "lastModified": 1678889456,
        "narHash": "sha256-R+sfPOuWfwbrNXUiKQcb8MHYqK+o5Pw8gkEaYaidqp0=",
        "owner": "folke",
        "repo": "lazy.nvim",
        "rev": "6b55862d2d264f0b48e0b9e42cc2d14f136bed55",
        "type": "github"
      },
      "original": {
        "owner": "folke",
        "repo": "lazy.nvim",
        "type": "github"
      }
    },
    "nekowinston-nur": {
      "inputs": {
        "fenix": "fenix",
        "nixpkgs": [
          "nixpkgs"
        ]
      },
      "locked": {
        "lastModified": 1716707320,
        "narHash": "sha256-J+vYou/RP59eJzpJx4kLVB6gpZi6rZnO4gPbGBO+P24=",
        "owner": "nekowinston",
        "repo": "nur",
        "rev": "aa4eb56ccef172a497f3159e1efe6e8974475c88",
        "type": "github"
      },
      "original": {
        "owner": "nekowinston",
        "repo": "nur",
        "type": "github"
      }
    },
    "neovim-nix": {
      "inputs": {
        "flake-parts": [
          "izvim",
          "flake-parts"
        ],
        "lazy-nvim": "lazy-nvim",
        "nixpkgs": [
          "izvim",
          "nixpkgs"
        ],
        "pre-commit-nix": [
          "izvim",
          "pre-commit-nix"
        ]
      },
      "locked": {
        "lastModified": 1715615951,
        "narHash": "sha256-VeiCMSzS5eInPQAkBUVp1S2m+RaDVm1sWCQlNYNU42M=",
        "owner": "nekowinston",
        "repo": "neovim.nix",
        "rev": "bf298204939f998413ed55abc2d621d33fec95f0",
        "type": "github"
      },
      "original": {
        "owner": "nekowinston",
        "ref": "dev",
        "repo": "neovim.nix",
        "type": "github"
      }
    },
    "nix-index-db": {
      "inputs": {
        "nixpkgs": [
          "nixpkgs"
        ]
      },
      "locked": {
        "lastModified": 1716772633,
        "narHash": "sha256-Idcye44UW+EgjbjCoklf2IDF+XrehV6CVYvxR1omst4=",
        "owner": "nix-community",
        "repo": "nix-index-database",
        "rev": "ff80cb4a11bb87f3ce8459be6f16a25ac86eb2ac",
        "type": "github"
      },
      "original": {
        "owner": "nix-community",
        "repo": "nix-index-database",
        "type": "github"
      }
    },
    "nix-ld": {
      "inputs": {
        "nixpkgs": [
          "nixpkgs"
        ]
      },
      "locked": {
        "lastModified": 1701153607,
        "narHash": "sha256-h+odOVyiGmEERMECoFOj5P7FPiMR8IPRzroFA4sKivg=",
        "owner": "Mic92",
        "repo": "nix-ld",
        "rev": "bf5aa84a713c31d95b4307e442e966d6c7fd7ae7",
        "type": "github"
      },
      "original": {
        "owner": "Mic92",
        "repo": "nix-ld",
        "type": "github"
      }
    },
    "nixos-wsl": {
      "inputs": {
        "flake-compat": [],
        "flake-utils": [
          "izvim",
          "flake-utils"
        ],
        "nixpkgs": [
          "nixpkgs"
        ]
      },
      "locked": {
        "lastModified": 1716640344,
        "narHash": "sha256-AZKQs+KrL70le0RZH8XqZJMc2SahU4LpfEJ2Vd5SWzM=",
        "owner": "nix-community",
        "repo": "NixOS-WSL",
        "rev": "020cd466170204e448b24b246045599fce69ad91",
        "type": "github"
      },
      "original": {
        "owner": "nix-community",
        "repo": "NixOS-WSL",
        "type": "github"
      }
    },
    "nixpak": {
      "inputs": {
        "flake-parts": [
          "schizofox",
          "flake-parts"
        ],
        "hercules-ci-effects": "hercules-ci-effects",
        "nixpkgs": [
          "schizofox",
          "nixpkgs"
        ]
      },
      "locked": {
        "lastModified": 1709985524,
        "narHash": "sha256-29ZwMJBErP41ZPis1MskhdheDRgt+reDuf53jONSkc8=",
        "owner": "nixpak",
        "repo": "nixpak",
        "rev": "b0862a125da8fe5d179633d6cc7aed57d5316871",
        "type": "github"
      },
      "original": {
        "owner": "nixpak",
        "repo": "nixpak",
        "type": "github"
      }
    },
    "nixpkgs": {
      "locked": {
        "lastModified": 1716509168,
        "narHash": "sha256-4zSIhSRRIoEBwjbPm3YiGtbd8HDWzFxJjw5DYSDy1n8=",
        "owner": "NixOS",
        "repo": "nixpkgs",
        "rev": "bfb7a882678e518398ce9a31a881538679f6f092",
        "type": "github"
      },
      "original": {
        "owner": "NixOS",
        "ref": "nixos-unstable",
        "repo": "nixpkgs",
        "type": "github"
      }
    },
    "nixpkgs-lib": {
      "locked": {
        "dir": "lib",
        "lastModified": 1698611440,
        "narHash": "sha256-jPjHjrerhYDy3q9+s5EAsuhyhuknNfowY6yt6pjn9pc=",
        "owner": "NixOS",
        "repo": "nixpkgs",
        "rev": "0cbe9f69c234a7700596e943bfae7ef27a31b735",
        "type": "github"
      },
      "original": {
        "dir": "lib",
        "owner": "NixOS",
        "ref": "nixos-unstable",
        "repo": "nixpkgs",
        "type": "github"
      }
    },
    "pre-commit-hooks": {
      "inputs": {
        "flake-compat": "flake-compat_2",
        "gitignore": "gitignore",
        "nixpkgs": [
          "nixpkgs"
        ],
        "nixpkgs-stable": [
          "nixpkgs"
        ]
      },
      "locked": {
        "lastModified": 1716213921,
        "narHash": "sha256-xrsYFST8ij4QWaV6HEokCUNIZLjjLP1bYC60K8XiBVA=",
        "owner": "cachix",
        "repo": "git-hooks.nix",
        "rev": "0e8fcc54b842ad8428c9e705cb5994eaf05c26a0",
        "type": "github"
      },
      "original": {
        "owner": "cachix",
        "repo": "git-hooks.nix",
        "type": "github"
      }
    },
    "root": {
      "inputs": {
        "agenix": "agenix",
        "ags": "ags",
        "auto-cpufreq": "auto-cpufreq",
        "beapkgs": "beapkgs",
        "catppuccin": "catppuccin",
        "catppuccin-vsc": "catppuccin-vsc",
        "darwin": "darwin_2",
        "deploy-rs": "deploy-rs",
        "flake-parts": "flake-parts",
        "home-manager": "home-manager",
        "izvim": "izvim",
        "lanzaboote": "lanzaboote",
        "nekowinston-nur": "nekowinston-nur",
        "nix-index-db": "nix-index-db",
        "nix-ld": "nix-ld",
        "nixos-wsl": "nixos-wsl",
        "nixpkgs": "nixpkgs",
        "pre-commit-hooks": "pre-commit-hooks",
        "rust-overlay": "rust-overlay_2",
        "schizofox": "schizofox",
        "simple-nixos-mailserver": "simple-nixos-mailserver",
        "treefmt-nix": "treefmt-nix",
        "vscode-server": "vscode-server"
      }
    },
    "rust-overlay": {
      "inputs": {
        "flake-utils": [
          "lanzaboote",
          "flake-utils"
        ],
        "nixpkgs": [
          "lanzaboote",
          "nixpkgs"
        ]
      },
      "locked": {
        "lastModified": 1711246447,
        "narHash": "sha256-g9TOluObcOEKewFo2fR4cn51Y/jSKhRRo4QZckHLop0=",
        "owner": "oxalica",
        "repo": "rust-overlay",
        "rev": "dcc802a6ec4e9cc6a1c8c393327f0c42666f22e4",
        "type": "github"
      },
      "original": {
        "owner": "oxalica",
        "repo": "rust-overlay",
        "type": "github"
      }
    },
    "rust-overlay_2": {
      "inputs": {
        "flake-utils": "flake-utils_2",
        "nixpkgs": [
          "nixpkgs"
        ]
      },
      "locked": {
        "lastModified": 1716862669,
        "narHash": "sha256-7oTPM9lcdwiI1cpRC313B+lHawocgpY5F07N+Rbm5Uk=",
        "owner": "oxalica",
        "repo": "rust-overlay",
        "rev": "47b2d15658b37716393b2463a019000dbd6ce4bc",
        "type": "github"
      },
      "original": {
        "owner": "oxalica",
        "repo": "rust-overlay",
        "type": "github"
      }
    },
    "schizofox": {
      "inputs": {
        "flake-compat": "flake-compat_3",
        "flake-parts": [
          "flake-parts"
        ],
        "home-manager": "home-manager_2",
        "nixpak": "nixpak",
        "nixpkgs": [
          "nixpkgs"
        ],
        "searx-randomizer": "searx-randomizer",
        "systems": "systems_4"
      },
      "locked": {
        "lastModified": 1714677453,
        "narHash": "sha256-MlkAYTZz5/bFJgNIewbJa8mbtoVqg6Pq7t8A5Z1wVvc=",
        "owner": "schizofox",
        "repo": "schizofox",
        "rev": "9c7263441064d0e3e4c94e1d8dbd8d260d00408d",
        "type": "github"
      },
      "original": {
        "owner": "schizofox",
        "repo": "schizofox",
        "type": "github"
      }
    },
    "searx-randomizer": {
      "inputs": {
        "crane": "crane_2",
        "flake-parts": "flake-parts_2",
        "nixpkgs": [
          "schizofox",
          "nixpkgs"
        ]
      },
      "locked": {
        "lastModified": 1704412376,
        "narHash": "sha256-Ap/AudJxCYBDWYy0lyqP0/FZYJCibL7jKkoj6hp1WS0=",
        "owner": "schizofox",
        "repo": "searx-randomizer",
        "rev": "c36a473732ba6b4f6024ac1c181631cf4d542b17",
        "type": "github"
      },
      "original": {
        "owner": "schizofox",
        "repo": "searx-randomizer",
        "type": "github"
      }
    },
    "simple-nixos-mailserver": {
      "inputs": {
        "blobs": "blobs",
        "flake-compat": "flake-compat_4",
        "nixpkgs": [
          "nixpkgs"
        ],
        "utils": [
          "izvim",
          "flake-utils"
        ]
      },
      "locked": {
        "lastModified": 1714720456,
        "narHash": "sha256-e0WFe1BHqX23ADpGBc4ZRu38Mg+GICCZCqyS6EWCbHc=",
        "owner": "simple-nixos-mailserver",
        "repo": "nixos-mailserver",
        "rev": "41059fc548088e49e3ddb3a2b4faeb5de018e60f",
        "type": "gitlab"
      },
      "original": {
        "owner": "simple-nixos-mailserver",
        "ref": "master",
        "repo": "nixos-mailserver",
        "type": "gitlab"
      }
    },
    "systems": {
      "locked": {
        "lastModified": 1681028828,
        "narHash": "sha256-Vy1rq5AaRuLzOxct8nz4T6wlgyUR7zLU309k9mBC768=",
        "owner": "nix-systems",
        "repo": "default",
        "rev": "da67096a3b9bf56a91d16901293e51ba5b49a27e",
        "type": "github"
      },
      "original": {
        "owner": "nix-systems",
        "repo": "default",
        "type": "github"
      }
    },
    "systems_2": {
      "locked": {
        "lastModified": 1681028828,
        "narHash": "sha256-Vy1rq5AaRuLzOxct8nz4T6wlgyUR7zLU309k9mBC768=",
        "owner": "nix-systems",
        "repo": "default",
        "rev": "da67096a3b9bf56a91d16901293e51ba5b49a27e",
        "type": "github"
      },
      "original": {
        "owner": "nix-systems",
        "repo": "default",
        "type": "github"
      }
    },
    "systems_3": {
      "locked": {
        "lastModified": 1681028828,
        "narHash": "sha256-Vy1rq5AaRuLzOxct8nz4T6wlgyUR7zLU309k9mBC768=",
        "owner": "nix-systems",
        "repo": "default",
        "rev": "da67096a3b9bf56a91d16901293e51ba5b49a27e",
        "type": "github"
      },
      "original": {
        "owner": "nix-systems",
        "repo": "default",
        "type": "github"
      }
    },
    "systems_4": {
      "locked": {
        "lastModified": 1689347949,
        "narHash": "sha256-12tWmuL2zgBgZkdoB6qXZsgJEH9LR3oUgpaQq2RbI80=",
        "owner": "nix-systems",
        "repo": "default-linux",
        "rev": "31732fcf5e8fea42e59c2488ad31a0e651500f68",
        "type": "github"
      },
      "original": {
        "owner": "nix-systems",
        "repo": "default-linux",
        "type": "github"
      }
    },
    "treefmt-nix": {
      "inputs": {
        "nixpkgs": [
          "nixpkgs"
        ]
      },
      "locked": {
        "lastModified": 1715940852,
        "narHash": "sha256-wJqHMg/K6X3JGAE9YLM0LsuKrKb4XiBeVaoeMNlReZg=",
        "owner": "numtide",
        "repo": "treefmt-nix",
        "rev": "2fba33a182602b9d49f0b2440513e5ee091d838b",
        "type": "github"
      },
      "original": {
        "owner": "numtide",
        "repo": "treefmt-nix",
        "type": "github"
      }
    },
    "vscode-server": {
      "inputs": {
        "flake-utils": [
          "izvim",
          "flake-utils"
        ],
        "nixpkgs": [
          "nixpkgs"
        ]
      },
      "locked": {
        "lastModified": 1713958148,
        "narHash": "sha256-8PDNi/dgoI2kyM7uSiU4eoLBqUKoA+3TXuz+VWmuCOc=",
        "owner": "nix-community",
        "repo": "nixos-vscode-server",
        "rev": "fc900c16efc6a5ed972fb6be87df018bcf3035bc",
        "type": "github"
      },
      "original": {
        "owner": "nix-community",
        "repo": "nixos-vscode-server",
        "type": "github"
      }
    }
  },
  "root": "root",
  "version": 7
}
